
Microsoft Visual Studio Solution File, Format Version 11.00
# Visual C++ Express 2010
Project("{8BC9CEB8-8B4A-11D0-8D11-00A0C91BC942}") = "address4forenscis", "address4forenscis\address4forenscis.vcxproj", "{0B04DA47-5092-415C-A9DC-2FE0032B02A4}"
EndProject
Project("{8BC9CEB8-8B4A-11D0-8D11-00A0C91BC942}") = "mac_conversion", "mac_conversion\mac_conversion.vcxproj", "{F7DAA542-2290-4CAF-B055-6E79A6AA3F12}"
EndProject
Global
	GlobalSection(SolutionConfigurationPlatforms) = preSolution
		Debug|Win32 = Debug|Win32
		Release|Win32 = Release|Win32
	EndGlobalSection
	GlobalSection(ProjectConfigurationPlatforms) = postSolution
		{0B04DA47-5092-415C-A9DC-2FE0032B02A4}.Debug|Win32.ActiveCfg = Debug|Win32
		{0B04DA47-5092-415C-A9DC-2FE0032B02A4}.Debug|Win32.Build.0 = Debug|Win32
		{0B04DA47-5092-415C-A9DC-2FE0032B02A4}.Release|Win32.ActiveCfg = Release|Win32
		{0B04DA47-5092-415C-A9DC-2FE0032B02A4}.Release|Win32.Build.0 = Release|Win32
		{F7DAA542-2290-4CAF-B055-6E79A6AA3F12}.Debug|Win32.ActiveCfg = Debug|Win32
		{F7DAA542-2290-4CAF-B055-6E79A6AA3F12}.Debug|Win32.Build.0 = Debug|Win32
		{F7DAA542-2290-4CAF-B055-6E79A6AA3F12}.Release|Win32.ActiveCfg = Release|Win32
		{F7DAA542-2290-4CAF-B055-6E79A6AA3F12}.Release|Win32.Build.0 = Release|Win32
	EndGlobalSection
	GlobalSection(SolutionProperties) = preSolution
		HideSolutionNode = FALSE
	EndGlobalSection
EndGlobal
